
Microsoft Visual Studio Solution File, Format Version 12.00
# Visual Studio Version 16
VisualStudioVersion = 16.0.30907.101
MinimumVisualStudioVersion = 10.0.40219.1
Project("{FAE04EC0-301F-11D3-BF4B-00C04F79EFBC}") = "ExaminationRooms", "ExaminationRooms\ExaminationRooms.csproj", "{ABDA0BF7-EF8E-4922-8586-4EB6452C6CBF}"
EndProject
Global
	GlobalSection(SolutionConfigurationPlatforms) = preSolution
		Debug|Any CPU = Debug|Any CPU
		Release|Any CPU = Release|Any CPU
	EndGlobalSection
	GlobalSection(ProjectConfigurationPlatforms) = postSolution
		{ABDA0BF7-EF8E-4922-8586-4EB6452C6CBF}.Debug|Any CPU.ActiveCfg = Debug|Any CPU
		{ABDA0BF7-EF8E-4922-8586-4EB6452C6CBF}.Debug|Any CPU.Build.0 = Debug|Any CPU
		{ABDA0BF7-EF8E-4922-8586-4EB6452C6CBF}.Release|Any CPU.ActiveCfg = Release|Any CPU
		{ABDA0BF7-EF8E-4922-8586-4EB6452C6CBF}.Release|Any CPU.Build.0 = Release|Any CPU
	EndGlobalSection
EndGlobal
