
Microsoft Visual Studio Solution File, Format Version 12.00
# Visual Studio Version 16
VisualStudioVersion = 16.0.31129.286
MinimumVisualStudioVersion = 10.0.40219.1
Project("{FAE04EC0-301F-11D3-BF4B-00C04F79EFBC}") = "WindowsApplication", "WindowsApplication\WindowsApplication.csproj", "{23BB461C-3C8F-490D-A86B-AA6C97DCCA64}"
EndProject
Project("{9A19103F-16F7-4668-BE54-9A1E7A4F7556}") = "Controller", "Controller\Controller.csproj", "{240A97EB-5C16-4D9A-B900-6164AB77E9CC}"
EndProject
Project("{9A19103F-16F7-4668-BE54-9A1E7A4F7556}") = "Model", "Model\Model.csproj", "{54B0DE8D-C811-4731-8CDC-7CDAC52D1110}"
EndProject
Project("{9A19103F-16F7-4668-BE54-9A1E7A4F7556}") = "Utilities", "Utilities\Utilities.csproj", "{D142A8B3-7AC2-4466-A8B1-973CD5731688}"
EndProject
Global
	GlobalSection(SolutionConfigurationPlatforms) = preSolution
		Debug|Any CPU = Debug|Any CPU
		Debug|ARM = Debug|ARM
		Debug|ARM64 = Debug|ARM64
		Debug|x64 = Debug|x64
		Debug|x86 = Debug|x86
		Release|Any CPU = Release|Any CPU
		Release|ARM = Release|ARM
		Release|ARM64 = Release|ARM64
		Release|x64 = Release|x64
		Release|x86 = Release|x86
	EndGlobalSection
	GlobalSection(ProjectConfigurationPlatforms) = postSolution
		{23BB461C-3C8F-490D-A86B-AA6C97DCCA64}.Debug|Any CPU.ActiveCfg = Debug|x86
		{23BB461C-3C8F-490D-A86B-AA6C97DCCA64}.Debug|Any CPU.Build.0 = Debug|x86
		{23BB461C-3C8F-490D-A86B-AA6C97DCCA64}.Debug|Any CPU.Deploy.0 = Debug|x86
		{23BB461C-3C8F-490D-A86B-AA6C97DCCA64}.Debug|ARM.ActiveCfg = Debug|ARM
		{23BB461C-3C8F-490D-A86B-AA6C97DCCA64}.Debug|ARM.Build.0 = Debug|ARM
		{23BB461C-3C8F-490D-A86B-AA6C97DCCA64}.Debug|ARM.Deploy.0 = Debug|ARM
		{23BB461C-3C8F-490D-A86B-AA6C97DCCA64}.Debug|ARM64.ActiveCfg = Debug|ARM64
		{23BB461C-3C8F-490D-A86B-AA6C97DCCA64}.Debug|ARM64.Build.0 = Debug|ARM64
		{23BB461C-3C8F-490D-A86B-AA6C97DCCA64}.Debug|ARM64.Deploy.0 = Debug|ARM64
		{23BB461C-3C8F-490D-A86B-AA6C97DCCA64}.Debug|x64.ActiveCfg = Debug|x64
		{23BB461C-3C8F-490D-A86B-AA6C97DCCA64}.Debug|x64.Build.0 = Debug|x64
		{23BB461C-3C8F-490D-A86B-AA6C97DCCA64}.Debug|x64.Deploy.0 = Debug|x64
		{23BB461C-3C8F-490D-A86B-AA6C97DCCA64}.Debug|x86.ActiveCfg = Debug|x86
		{23BB461C-3C8F-490D-A86B-AA6C97DCCA64}.Debug|x86.Build.0 = Debug|x86
		{23BB461C-3C8F-490D-A86B-AA6C97DCCA64}.Debug|x86.Deploy.0 = Debug|x86
		{23BB461C-3C8F-490D-A86B-AA6C97DCCA64}.Release|Any CPU.ActiveCfg = Release|x86
		{23BB461C-3C8F-490D-A86B-AA6C97DCCA64}.Release|Any CPU.Deploy.0 = Release|x86
		{23BB461C-3C8F-490D-A86B-AA6C97DCCA64}.Release|ARM.ActiveCfg = Release|ARM
		{23BB461C-3C8F-490D-A86B-AA6C97DCCA64}.Release|ARM.Build.0 = Release|ARM
		{23BB461C-3C8F-490D-A86B-AA6C97DCCA64}.Release|ARM.Deploy.0 = Release|ARM
		{23BB461C-3C8F-490D-A86B-AA6C97DCCA64}.Release|ARM64.ActiveCfg = Release|ARM64
		{23BB461C-3C8F-490D-A86B-AA6C97DCCA64}.Release|ARM64.Build.0 = Release|ARM64
		{23BB461C-3C8F-490D-A86B-AA6C97DCCA64}.Release|ARM64.Deploy.0 = Release|ARM64
		{23BB461C-3C8F-490D-A86B-AA6C97DCCA64}.Release|x64.ActiveCfg = Release|x64
		{23BB461C-3C8F-490D-A86B-AA6C97DCCA64}.Release|x64.Build.0 = Release|x64
		{23BB461C-3C8F-490D-A86B-AA6C97DCCA64}.Release|x64.Deploy.0 = Release|x64
		{23BB461C-3C8F-490D-A86B-AA6C97DCCA64}.Release|x86.ActiveCfg = Release|x86
		{23BB461C-3C8F-490D-A86B-AA6C97DCCA64}.Release|x86.Build.0 = Release|x86
		{23BB461C-3C8F-490D-A86B-AA6C97DCCA64}.Release|x86.Deploy.0 = Release|x86
		{240A97EB-5C16-4D9A-B900-6164AB77E9CC}.Debug|Any CPU.ActiveCfg = Debug|Any CPU
		{240A97EB-5C16-4D9A-B900-6164AB77E9CC}.Debug|Any CPU.Build.0 = Debug|Any CPU
		{240A97EB-5C16-4D9A-B900-6164AB77E9CC}.Debug|ARM.ActiveCfg = Debug|Any CPU
		{240A97EB-5C16-4D9A-B900-6164AB77E9CC}.Debug|ARM.Build.0 = Debug|Any CPU
		{240A97EB-5C16-4D9A-B900-6164AB77E9CC}.Debug|ARM64.ActiveCfg = Debug|Any CPU
		{240A97EB-5C16-4D9A-B900-6164AB77E9CC}.Debug|ARM64.Build.0 = Debug|Any CPU
		{240A97EB-5C16-4D9A-B900-6164AB77E9CC}.Debug|x64.ActiveCfg = Debug|Any CPU
		{240A97EB-5C16-4D9A-B900-6164AB77E9CC}.Debug|x64.Build.0 = Debug|Any CPU
		{240A97EB-5C16-4D9A-B900-6164AB77E9CC}.Debug|x86.ActiveCfg = Debug|Any CPU
		{240A97EB-5C16-4D9A-B900-6164AB77E9CC}.Debug|x86.Build.0 = Debug|Any CPU
		{240A97EB-5C16-4D9A-B900-6164AB77E9CC}.Release|Any CPU.ActiveCfg = Release|Any CPU
		{240A97EB-5C16-4D9A-B900-6164AB77E9CC}.Release|Any CPU.Build.0 = Release|Any CPU
		{240A97EB-5C16-4D9A-B900-6164AB77E9CC}.Release|ARM.ActiveCfg = Release|Any CPU
		{240A97EB-5C16-4D9A-B900-6164AB77E9CC}.Release|ARM.Build.0 = Release|Any CPU
		{240A97EB-5C16-4D9A-B900-6164AB77E9CC}.Release|ARM64.ActiveCfg = Release|Any CPU
		{240A97EB-5C16-4D9A-B900-6164AB77E9CC}.Release|ARM64.Build.0 = Release|Any CPU
		{240A97EB-5C16-4D9A-B900-6164AB77E9CC}.Release|x64.ActiveCfg = Release|Any CPU
		{240A97EB-5C16-4D9A-B900-6164AB77E9CC}.Release|x64.Build.0 = Release|Any CPU
		{240A97EB-5C16-4D9A-B900-6164AB77E9CC}.Release|x86.ActiveCfg = Release|Any CPU
		{240A97EB-5C16-4D9A-B900-6164AB77E9CC}.Release|x86.Build.0 = Release|Any CPU
		{54B0DE8D-C811-4731-8CDC-7CDAC52D1110}.Debug|Any CPU.ActiveCfg = Debug|Any CPU
		{54B0DE8D-C811-4731-8CDC-7CDAC52D1110}.Debug|Any CPU.Build.0 = Debug|Any CPU
		{54B0DE8D-C811-4731-8CDC-7CDAC52D1110}.Debug|ARM.ActiveCfg = Debug|Any CPU
		{54B0DE8D-C811-4731-8CDC-7CDAC52D1110}.Debug|ARM.Build.0 = Debug|Any CPU
		{54B0DE8D-C811-4731-8CDC-7CDAC52D1110}.Debug|ARM64.ActiveCfg = Debug|Any CPU
		{54B0DE8D-C811-4731-8CDC-7CDAC52D1110}.Debug|ARM64.Build.0 = Debug|Any CPU
		{54B0DE8D-C811-4731-8CDC-7CDAC52D1110}.Debug|x64.ActiveCfg = Debug|Any CPU
		{54B0DE8D-C811-4731-8CDC-7CDAC52D1110}.Debug|x64.Build.0 = Debug|Any CPU
		{54B0DE8D-C811-4731-8CDC-7CDAC52D1110}.Debug|x86.ActiveCfg = Debug|Any CPU
		{54B0DE8D-C811-4731-8CDC-7CDAC52D1110}.Debug|x86.Build.0 = Debug|Any CPU
		{54B0DE8D-C811-4731-8CDC-7CDAC52D1110}.Release|Any CPU.ActiveCfg = Release|Any CPU
		{54B0DE8D-C811-4731-8CDC-7CDAC52D1110}.Release|Any CPU.Build.0 = Release|Any CPU
		{54B0DE8D-C811-4731-8CDC-7CDAC52D1110}.Release|ARM.ActiveCfg = Release|Any CPU
		{54B0DE8D-C811-4731-8CDC-7CDAC52D1110}.Release|ARM.Build.0 = Release|Any CPU
		{54B0DE8D-C811-4731-8CDC-7CDAC52D1110}.Release|ARM64.ActiveCfg = Release|Any CPU
		{54B0DE8D-C811-4731-8CDC-7CDAC52D1110}.Release|ARM64.Build.0 = Release|Any CPU
		{54B0DE8D-C811-4731-8CDC-7CDAC52D1110}.Release|x64.ActiveCfg = Release|Any CPU
		{54B0DE8D-C811-4731-8CDC-7CDAC52D1110}.Release|x64.Build.0 = Release|Any CPU
		{54B0DE8D-C811-4731-8CDC-7CDAC52D1110}.Release|x86.ActiveCfg = Release|Any CPU
		{54B0DE8D-C811-4731-8CDC-7CDAC52D1110}.Release|x86.Build.0 = Release|Any CPU
		{D142A8B3-7AC2-4466-A8B1-973CD5731688}.Debug|Any CPU.ActiveCfg = Debug|Any CPU
		{D142A8B3-7AC2-4466-A8B1-973CD5731688}.Debug|Any CPU.Build.0 = Debug|Any CPU
		{D142A8B3-7AC2-4466-A8B1-973CD5731688}.Debug|ARM.ActiveCfg = Debug|Any CPU
		{D142A8B3-7AC2-4466-A8B1-973CD5731688}.Debug|ARM.Build.0 = Debug|Any CPU
		{D142A8B3-7AC2-4466-A8B1-973CD5731688}.Debug|ARM64.ActiveCfg = Debug|Any CPU
		{D142A8B3-7AC2-4466-A8B1-973CD5731688}.Debug|ARM64.Build.0 = Debug|Any CPU
		{D142A8B3-7AC2-4466-A8B1-973CD5731688}.Debug|x64.ActiveCfg = Debug|Any CPU
		{D142A8B3-7AC2-4466-A8B1-973CD5731688}.Debug|x64.Build.0 = Debug|Any CPU
		{D142A8B3-7AC2-4466-A8B1-973CD5731688}.Debug|x86.ActiveCfg = Debug|Any CPU
		{D142A8B3-7AC2-4466-A8B1-973CD5731688}.Debug|x86.Build.0 = Debug|Any CPU
		{D142A8B3-7AC2-4466-A8B1-973CD5731688}.Release|Any CPU.ActiveCfg = Release|Any CPU
		{D142A8B3-7AC2-4466-A8B1-973CD5731688}.Release|Any CPU.Build.0 = Release|Any CPU
		{D142A8B3-7AC2-4466-A8B1-973CD5731688}.Release|ARM.ActiveCfg = Release|Any CPU
		{D142A8B3-7AC2-4466-A8B1-973CD5731688}.Release|ARM.Build.0 = Release|Any CPU
		{D142A8B3-7AC2-4466-A8B1-973CD5731688}.Release|ARM64.ActiveCfg = Release|Any CPU
		{D142A8B3-7AC2-4466-A8B1-973CD5731688}.Release|ARM64.Build.0 = Release|Any CPU
		{D142A8B3-7AC2-4466-A8B1-973CD5731688}.Release|x64.ActiveCfg = Release|Any CPU
		{D142A8B3-7AC2-4466-A8B1-973CD5731688}.Release|x64.Build.0 = Release|Any CPU
		{D142A8B3-7AC2-4466-A8B1-973CD5731688}.Release|x86.ActiveCfg = Release|Any CPU
		{D142A8B3-7AC2-4466-A8B1-973CD5731688}.Release|x86.Build.0 = Release|Any CPU
	EndGlobalSection
	GlobalSection(SolutionProperties) = preSolution
		HideSolutionNode = FALSE
	EndGlobalSection
	GlobalSection(ExtensibilityGlobals) = postSolution
		SolutionGuid = {BD8D1F60-5460-46AE-839C-79C8201FE970}
	EndGlobalSection
EndGlobal
